
Microsoft Visual Studio Solution File, Format Version 12.00
# Visual Studio Version 16
VisualStudioVersion = 16.0.28803.452
MinimumVisualStudioVersion = 10.0.40219.1
Project("{FAE04EC0-301F-11D3-BF4B-00C04F79EFBC}") = "ADT-API-CORE", "ADT-API-CORE\ADT-API-CORE.csproj", "{A68893E8-A30B-494B-B399-E8C3448FF7F0}"
EndProject
Global
	GlobalSection(SolutionConfigurationPlatforms) = preSolution
		Debug|Any CPU = Debug|Any CPU
		Release|Any CPU = Release|Any CPU
	EndGlobalSection
	GlobalSection(ProjectConfigurationPlatforms) = postSolution
		{A68893E8-A30B-494B-B399-E8C3448FF7F0}.Debug|Any CPU.ActiveCfg = Debug|Any CPU
		{A68893E8-A30B-494B-B399-E8C3448FF7F0}.Debug|Any CPU.Build.0 = Debug|Any CPU
		{A68893E8-A30B-494B-B399-E8C3448FF7F0}.Release|Any CPU.ActiveCfg = Release|Any CPU
		{A68893E8-A30B-494B-B399-E8C3448FF7F0}.Release|Any CPU.Build.0 = Release|Any CPU
	EndGlobalSection
	GlobalSection(SolutionProperties) = preSolution
		HideSolutionNode = FALSE
	EndGlobalSection
	GlobalSection(ExtensibilityGlobals) = postSolution
		SolutionGuid = {243F819F-8BD4-473E-A354-3A48FC848D2D}
	EndGlobalSection
EndGlobal
